
Microsoft Visual Studio Solution File, Format Version 12.00
# Visual Studio Version 16
VisualStudioVersion = 16.0.28803.202
MinimumVisualStudioVersion = 10.0.40219.1
Project("{8BC9CEB8-8B4A-11D0-8D11-00A0C91BC942}") = "KDG_PhotoEditor", "KDG_PhotoEditor\KDG_PhotoEditor.vcxproj", "{E71EAF0A-1DAC-4008-8E0A-39E9BFE5888B}"
EndProject
Global
	GlobalSection(SolutionConfigurationPlatforms) = preSolution
		Debug|x64 = Debug|x64
		Debug|x86 = Debug|x86
		Release|x64 = Release|x64
		Release|x86 = Release|x86
	EndGlobalSection
	GlobalSection(ProjectConfigurationPlatforms) = postSolution
		{E71EAF0A-1DAC-4008-8E0A-39E9BFE5888B}.Debug|x64.ActiveCfg = Debug|x64
		{E71EAF0A-1DAC-4008-8E0A-39E9BFE5888B}.Debug|x64.Build.0 = Debug|x64
		{E71EAF0A-1DAC-4008-8E0A-39E9BFE5888B}.Debug|x86.ActiveCfg = Debug|Win32
		{E71EAF0A-1DAC-4008-8E0A-39E9BFE5888B}.Debug|x86.Build.0 = Debug|Win32
		{E71EAF0A-1DAC-4008-8E0A-39E9BFE5888B}.Release|x64.ActiveCfg = Release|x64
		{E71EAF0A-1DAC-4008-8E0A-39E9BFE5888B}.Release|x64.Build.0 = Release|x64
		{E71EAF0A-1DAC-4008-8E0A-39E9BFE5888B}.Release|x86.ActiveCfg = Release|Win32
		{E71EAF0A-1DAC-4008-8E0A-39E9BFE5888B}.Release|x86.Build.0 = Release|Win32
	EndGlobalSection
	GlobalSection(SolutionProperties) = preSolution
		HideSolutionNode = FALSE
	EndGlobalSection
	GlobalSection(ExtensibilityGlobals) = postSolution
		SolutionGuid = {6449ABB6-7D46-46B0-8B78-89C770F7CA7C}
	EndGlobalSection
EndGlobal
